
Microsoft Visual Studio Solution File, Format Version 12.00
# Visual Studio 15
VisualStudioVersion = 15.0.28307.645
MinimumVisualStudioVersion = 10.0.40219.1
Project("{8BC9CEB8-8B4A-11D0-8D11-00A0C91BC942}") = "회원가입", "회원가입\회원가입.vcxproj", "{AD62D117-D8F6-475F-8C9B-D5C9DA6C1960}"
EndProject
Global
	GlobalSection(SolutionConfigurationPlatforms) = preSolution
		Debug|x64 = Debug|x64
		Debug|x86 = Debug|x86
		Release|x64 = Release|x64
		Release|x86 = Release|x86
	EndGlobalSection
	GlobalSection(ProjectConfigurationPlatforms) = postSolution
		{AD62D117-D8F6-475F-8C9B-D5C9DA6C1960}.Debug|x64.ActiveCfg = Debug|x64
		{AD62D117-D8F6-475F-8C9B-D5C9DA6C1960}.Debug|x64.Build.0 = Debug|x64
		{AD62D117-D8F6-475F-8C9B-D5C9DA6C1960}.Debug|x86.ActiveCfg = Debug|Win32
		{AD62D117-D8F6-475F-8C9B-D5C9DA6C1960}.Debug|x86.Build.0 = Debug|Win32
		{AD62D117-D8F6-475F-8C9B-D5C9DA6C1960}.Release|x64.ActiveCfg = Release|x64
		{AD62D117-D8F6-475F-8C9B-D5C9DA6C1960}.Release|x64.Build.0 = Release|x64
		{AD62D117-D8F6-475F-8C9B-D5C9DA6C1960}.Release|x86.ActiveCfg = Release|Win32
		{AD62D117-D8F6-475F-8C9B-D5C9DA6C1960}.Release|x86.Build.0 = Release|Win32
	EndGlobalSection
	GlobalSection(SolutionProperties) = preSolution
		HideSolutionNode = FALSE
	EndGlobalSection
	GlobalSection(ExtensibilityGlobals) = postSolution
		SolutionGuid = {02384E59-DD19-4079-B9A3-C6FD4D4278C1}
	EndGlobalSection
EndGlobal
