
Microsoft Visual Studio Solution File, Format Version 12.00
# Visual Studio 15
VisualStudioVersion = 15.0.28307.902
MinimumVisualStudioVersion = 10.0.40219.1
Project("{8BC9CEB8-8B4A-11D0-8D11-00A0C91BC942}") = "C_example", "C_example\C_example.vcxproj", "{0CB5A237-D0D1-4678-B2B1-2B8C60169E58}"
EndProject
Global
	GlobalSection(SolutionConfigurationPlatforms) = preSolution
		Debug|x64 = Debug|x64
		Debug|x86 = Debug|x86
		Release|x64 = Release|x64
		Release|x86 = Release|x86
	EndGlobalSection
	GlobalSection(ProjectConfigurationPlatforms) = postSolution
		{0CB5A237-D0D1-4678-B2B1-2B8C60169E58}.Debug|x64.ActiveCfg = Debug|x64
		{0CB5A237-D0D1-4678-B2B1-2B8C60169E58}.Debug|x64.Build.0 = Debug|x64
		{0CB5A237-D0D1-4678-B2B1-2B8C60169E58}.Debug|x86.ActiveCfg = Debug|Win32
		{0CB5A237-D0D1-4678-B2B1-2B8C60169E58}.Debug|x86.Build.0 = Debug|Win32
		{0CB5A237-D0D1-4678-B2B1-2B8C60169E58}.Release|x64.ActiveCfg = Release|x64
		{0CB5A237-D0D1-4678-B2B1-2B8C60169E58}.Release|x64.Build.0 = Release|x64
		{0CB5A237-D0D1-4678-B2B1-2B8C60169E58}.Release|x86.ActiveCfg = Release|Win32
		{0CB5A237-D0D1-4678-B2B1-2B8C60169E58}.Release|x86.Build.0 = Release|Win32
	EndGlobalSection
	GlobalSection(SolutionProperties) = preSolution
		HideSolutionNode = FALSE
	EndGlobalSection
	GlobalSection(ExtensibilityGlobals) = postSolution
		SolutionGuid = {17807CF5-A167-44C3-8A34-7FB65E4763C6}
	EndGlobalSection
EndGlobal
