
Microsoft Visual Studio Solution File, Format Version 12.00
# Visual Studio 15
VisualStudioVersion = 15.0.28307.902
MinimumVisualStudioVersion = 10.0.40219.1
Project("{8BC9CEB8-8B4A-11D0-8D11-00A0C91BC942}") = "testproject", "testproject\testproject.vcxproj", "{067C2DA6-49D8-481F-AC2A-C9DFB702519F}"
EndProject
Global
	GlobalSection(SolutionConfigurationPlatforms) = preSolution
		Debug|x64 = Debug|x64
		Debug|x86 = Debug|x86
		Release|x64 = Release|x64
		Release|x86 = Release|x86
	EndGlobalSection
	GlobalSection(ProjectConfigurationPlatforms) = postSolution
		{067C2DA6-49D8-481F-AC2A-C9DFB702519F}.Debug|x64.ActiveCfg = Debug|x64
		{067C2DA6-49D8-481F-AC2A-C9DFB702519F}.Debug|x64.Build.0 = Debug|x64
		{067C2DA6-49D8-481F-AC2A-C9DFB702519F}.Debug|x86.ActiveCfg = Debug|Win32
		{067C2DA6-49D8-481F-AC2A-C9DFB702519F}.Debug|x86.Build.0 = Debug|Win32
		{067C2DA6-49D8-481F-AC2A-C9DFB702519F}.Release|x64.ActiveCfg = Release|x64
		{067C2DA6-49D8-481F-AC2A-C9DFB702519F}.Release|x64.Build.0 = Release|x64
		{067C2DA6-49D8-481F-AC2A-C9DFB702519F}.Release|x86.ActiveCfg = Release|Win32
		{067C2DA6-49D8-481F-AC2A-C9DFB702519F}.Release|x86.Build.0 = Release|Win32
	EndGlobalSection
	GlobalSection(SolutionProperties) = preSolution
		HideSolutionNode = FALSE
	EndGlobalSection
	GlobalSection(ExtensibilityGlobals) = postSolution
		SolutionGuid = {2830543B-53A6-45AD-8E6F-6493F11D4E7E}
	EndGlobalSection
EndGlobal
